
Microsoft Visual Studio Solution File, Format Version 12.00
# Visual Studio Version 17
VisualStudioVersion = 17.0.32014.148
MinimumVisualStudioVersion = 10.0.40219.1
Project("{FAE04EC0-301F-11D3-BF4B-00C04F79EFBC}") = "MongoDBDemo", "MongoDBDemo\MongoDBDemo.csproj", "{01BA44E2-FBEF-4012-9884-41E6A00CADA0}"
EndProject
Project("{FAE04EC0-301F-11D3-BF4B-00C04F79EFBC}") = "MongoDataAccess", "MongoDataAccess\MongoDataAccess.csproj", "{99C3045E-988B-428D-B191-ECACA5668080}"
EndProject
Project("{2150E333-8FDC-42A3-9474-1A3956D46DE8}") = "Solution Items", "Solution Items", "{5C853998-65C4-47F3-8435-8D6F2ADBCC9E}"
	ProjectSection(SolutionItems) = preProject
		.editorconfig = .editorconfig
	EndProjectSection
EndProject
Global
	GlobalSection(SolutionConfigurationPlatforms) = preSolution
		Debug|Any CPU = Debug|Any CPU
		Release|Any CPU = Release|Any CPU
	EndGlobalSection
	GlobalSection(ProjectConfigurationPlatforms) = postSolution
		{01BA44E2-FBEF-4012-9884-41E6A00CADA0}.Debug|Any CPU.ActiveCfg = Debug|Any CPU
		{01BA44E2-FBEF-4012-9884-41E6A00CADA0}.Debug|Any CPU.Build.0 = Debug|Any CPU
		{01BA44E2-FBEF-4012-9884-41E6A00CADA0}.Release|Any CPU.ActiveCfg = Release|Any CPU
		{01BA44E2-FBEF-4012-9884-41E6A00CADA0}.Release|Any CPU.Build.0 = Release|Any CPU
		{99C3045E-988B-428D-B191-ECACA5668080}.Debug|Any CPU.ActiveCfg = Debug|Any CPU
		{99C3045E-988B-428D-B191-ECACA5668080}.Debug|Any CPU.Build.0 = Debug|Any CPU
		{99C3045E-988B-428D-B191-ECACA5668080}.Release|Any CPU.ActiveCfg = Release|Any CPU
		{99C3045E-988B-428D-B191-ECACA5668080}.Release|Any CPU.Build.0 = Release|Any CPU
	EndGlobalSection
	GlobalSection(SolutionProperties) = preSolution
		HideSolutionNode = FALSE
	EndGlobalSection
	GlobalSection(ExtensibilityGlobals) = postSolution
		SolutionGuid = {466140BC-E7DA-4174-A93E-A11565A27110}
	EndGlobalSection
EndGlobal
